# THIS IS AN AUTOGENERATED FILE. DO NOT EDIT THIS FILE DIRECTLY.
# yarn lockfile v1


"@babel/runtime@^7.17.2", "@babel/runtime@^7.23.9", "@babel/runtime@^7.27.1", "@babel/runtime@^7.5.5", "@babel/runtime@^7.8.7":
  version "7.27.1"
  resolved "https://registry.npmjs.org/@babel/runtime/-/runtime-7.27.1.tgz"
  integrity sha512-1x3D2xEk2fRo3PAhwQwu5UubzgiVWSXTBfWpVd2Mx2AzRqJuDJCsgaDVZ7HB5iGzDW1Hl1sWN2mFyKjmR9uAog==

"@emotion/cache@^11.13.5":
  version "11.14.0"
  resolved "https://registry.npmjs.org/@emotion/cache/-/cache-11.14.0.tgz"
  integrity sha512-L/B1lc/TViYk4DcpGxtAVbx0ZyiKM5ktoIyafGkH6zg/tj+mA+NE//aPYKG0k8kCHSHVJrpLpcAlOBEXQ3SavA==
  dependencies:
    "@emotion/memoize" "^0.9.0"
    "@emotion/sheet" "^1.4.0"
    "@emotion/utils" "^1.4.2"
    "@emotion/weak-memoize" "^0.4.0"
    stylis "4.2.0"

"@emotion/is-prop-valid@^1.1.2":
  version "1.3.1"
  resolved "https://registry.npmjs.org/@emotion/is-prop-valid/-/is-prop-valid-1.3.1.tgz"
  integrity sha512-/ACwoqx7XQi9knQs/G0qKvv5teDMhD7bXYns9N/wM8ah8iNb8jZ2uNO0YOgiq2o2poIvVtJS2YALasQuMSQ7Kw==
  dependencies:
    "@emotion/memoize" "^0.9.0"

"@emotion/memoize@^0.9.0":
  version "0.9.0"
  resolved "https://registry.npmjs.org/@emotion/memoize/-/memoize-0.9.0.tgz"
  integrity sha512-30FAj7/EoJ5mwVPOWhAyCX+FPfMDrVecJAM+Iw9NRoSl4BBAQeqj4cApHHUXOVvIPgLVDsCFoz/hGD+5QQD1GQ==

"@emotion/sheet@^1.4.0":
  version "1.4.0"
  resolved "https://registry.npmjs.org/@emotion/sheet/-/sheet-1.4.0.tgz"
  integrity sha512-fTBW9/8r2w3dXWYM4HCB1Rdp8NLibOw2+XELH5m5+AkWiL/KqYX6dc0kKYlaYyKjrQ6ds33MCdMPEwgs2z1rqg==

"@emotion/utils@^1.4.2":
  version "1.4.2"
  resolved "https://registry.npmjs.org/@emotion/utils/-/utils-1.4.2.tgz"
  integrity sha512-3vLclRofFziIa3J2wDh9jjbkUz9qk5Vi3IZ/FSTKViB0k+ef0fPV7dYrUIugbgupYDx7v9ud/SjrtEP8Y4xLoA==

"@emotion/weak-memoize@^0.4.0":
  version "0.4.0"
  resolved "https://registry.npmjs.org/@emotion/weak-memoize/-/weak-memoize-0.4.0.tgz"
  integrity sha512-snKqtPW01tN0ui7yu9rGv69aJXr/a/Ywvl11sUjNtEcRc+ng/mQriFL0wLXMef74iHa/EkftbDzU9F8iFbH+zg==

"@mui/base@5.0.0-alpha.79":
  version "5.0.0-alpha.79"
  resolved "https://registry.npmjs.org/@mui/base/-/base-5.0.0-alpha.79.tgz"
  integrity sha512-/lZLF027BkiEjM8MIYoeS/FEhTKf+41ePU9SOijMGrCin1Y0Igucw+IHa1fF8HXD7wDbFKqHuso3J1jMG8wyNw==
  dependencies:
    "@babel/runtime" "^7.17.2"
    "@emotion/is-prop-valid" "^1.1.2"
    "@mui/types" "^7.1.3"
    "@mui/utils" "^5.6.1"
    "@popperjs/core" "^2.11.5"
    clsx "^1.1.1"
    prop-types "^15.7.2"
    react-is "^17.0.2"

"@mui/icons-material@~5.6.2":
  version "5.6.2"
  resolved "https://registry.npmjs.org/@mui/icons-material/-/icons-material-5.6.2.tgz"
  integrity sha512-9QdI7axKuBAyaGz4mtdi7Uy1j73/thqFmEuxpJHxNC7O8ADEK1Da3t2veK2tgmsXsUlAHcAG63gg+GvWWeQNqQ==
  dependencies:
    "@babel/runtime" "^7.17.2"

"@mui/material@~5.6.4":
  version "5.6.4"
  resolved "https://registry.npmjs.org/@mui/material/-/material-5.6.4.tgz"
  integrity sha512-7TD+u/SExZK2a55w6reX56oPk37gKr/M/XGt156X+m0d9LhzOsW864nkErIX/H8oSkX/6kCimxu1FDsO+gjiVw==
  dependencies:
    "@babel/runtime" "^7.17.2"
    "@mui/base" "5.0.0-alpha.79"
    "@mui/system" "^5.6.4"
    "@mui/types" "^7.1.3"
    "@mui/utils" "^5.6.1"
    "@types/react-transition-group" "^4.4.4"
    clsx "^1.1.1"
    csstype "^3.0.11"
    hoist-non-react-statics "^3.3.2"
    prop-types "^15.7.2"
    react-is "^17.0.2"
    react-transition-group "^4.4.2"

"@mui/private-theming@^5.17.1":
  version "5.17.1"
  resolved "https://registry.npmjs.org/@mui/private-theming/-/private-theming-5.17.1.tgz"
  integrity sha512-XMxU0NTYcKqdsG8LRmSoxERPXwMbp16sIXPcLVgLGII/bVNagX0xaheWAwFv8+zDK7tI3ajllkuD3GZZE++ICQ==
  dependencies:
    "@babel/runtime" "^7.23.9"
    "@mui/utils" "^5.17.1"
    prop-types "^15.8.1"

"@mui/styled-engine@^5.16.14":
  version "5.16.14"
  resolved "https://registry.npmjs.org/@mui/styled-engine/-/styled-engine-5.16.14.tgz"
  integrity sha512-UAiMPZABZ7p8mUW4akDV6O7N3+4DatStpXMZwPlt+H/dA0lt67qawN021MNND+4QTpjaiMYxbhKZeQcyWCbuKw==
  dependencies:
    "@babel/runtime" "^7.23.9"
    "@emotion/cache" "^11.13.5"
    csstype "^3.1.3"
    prop-types "^15.8.1"

"@mui/system@^5.6.4":
  version "5.17.1"
  resolved "https://registry.npmjs.org/@mui/system/-/system-5.17.1.tgz"
  integrity sha512-aJrmGfQpyF0U4D4xYwA6ueVtQcEMebET43CUmKMP7e7iFh3sMIF3sBR0l8Urb4pqx1CBjHAaWgB0ojpND4Q3Jg==
  dependencies:
    "@babel/runtime" "^7.23.9"
    "@mui/private-theming" "^5.17.1"
    "@mui/styled-engine" "^5.16.14"
    "@mui/types" "~7.2.15"
    "@mui/utils" "^5.17.1"
    clsx "^2.1.0"
    csstype "^3.1.3"
    prop-types "^15.8.1"

"@mui/types@^7.1.3":
  version "7.4.2"
  resolved "https://registry.npmjs.org/@mui/types/-/types-7.4.2.tgz"
  integrity sha512-edRc5JcLPsrlNFYyTPxds+d5oUovuUxnnDtpJUbP6WMeV4+6eaX/mqai1ZIWT62lCOe0nlrON0s9HDiv5en5bA==
  dependencies:
    "@babel/runtime" "^7.27.1"

"@mui/types@~7.2.15":
  version "7.2.24"
  resolved "https://registry.npmjs.org/@mui/types/-/types-7.2.24.tgz"
  integrity sha512-3c8tRt/CbWZ+pEg7QpSwbdxOk36EfmhbKf6AGZsD1EcLDLTSZoxxJ86FVtcjxvjuhdyBiWKSTGZFaXCnidO2kw==

"@mui/utils@^5.17.1", "@mui/utils@^5.6.1":
  version "5.17.1"
  resolved "https://registry.npmjs.org/@mui/utils/-/utils-5.17.1.tgz"
  integrity sha512-jEZ8FTqInt2WzxDV8bhImWBqeQRD99c/id/fq83H0ER9tFl+sfZlaAoCdznGvbSQQ9ividMxqSV2c7cC1vBcQg==
  dependencies:
    "@babel/runtime" "^7.23.9"
    "@mui/types" "~7.2.15"
    "@types/prop-types" "^15.7.12"
    clsx "^2.1.1"
    prop-types "^15.8.1"
    react-is "^19.0.0"

"@popperjs/core@^2.11.5":
  version "2.11.8"
  resolved "https://registry.npmjs.org/@popperjs/core/-/core-2.11.8.tgz"
  integrity sha512-P1st0aksCrn9sGZhp8GMYwBnQsbvAWsZAX44oXNNvLHGqAOcoVxmjZiohstwQ7SqKnbR47akdNi+uleWD8+g6A==

"@types/prop-types@*", "@types/prop-types@^15.7.12":
  version "15.7.14"
  resolved "https://registry.npmjs.org/@types/prop-types/-/prop-types-15.7.14.tgz"
  integrity sha512-gNMvNH49DJ7OJYv+KAKn0Xp45p8PLl6zo2YnvDIbTd4J6MER2BmWN49TG7n9LvkyihINxeKW8+3bfS2yDC9dzQ==

"@types/react-transition-group@^4.4.4":
  version "4.4.4"
  resolved "https://registry.npmjs.org/@types/react-transition-group/-/react-transition-group-4.4.4.tgz"
  integrity sha512-7gAPz7anVK5xzbeQW9wFBDg7G++aPLAFY0QaSMOou9rJZpbuI58WAuJrgu+qR92l61grlnCUe7AFX8KGahAgug==
  dependencies:
    "@types/react" "*"

"@types/react@*":
  version "18.3.22"
  resolved "https://registry.npmjs.org/@types/react/-/react-18.3.22.tgz"
  integrity sha512-vUhG0YmQZ7kL/tmKLrD3g5zXbXXreZXB3pmROW8bg3CnLnpjkRVwUlLne7Ufa2r9yJ8+/6B73RzhAek5TBKh2Q==
  dependencies:
    "@types/prop-types" "*"
    csstype "^3.0.2"

clsx@^1.1.0, clsx@^1.1.1:
  version "1.1.1"
  resolved "https://registry.npmjs.org/clsx/-/clsx-1.1.1.tgz"
  integrity sha512-6/bPho624p3S2pMyvP5kKBPXnI3ufHLObBFCfgx+LkeR5lg2XYy2hqZqUf45ypD8COn2bhgGJSUE+l5dhNBieA==

clsx@^2.1.0, clsx@^2.1.1:
  version "2.1.1"
  resolved "https://registry.npmjs.org/clsx/-/clsx-2.1.1.tgz"
  integrity sha512-eYm0QWBtUrBWZWG0d386OGAw16Z995PiOVo2B7bjWSbHedGl5e0ZWaq65kOGgUSNesEIDkB9ISbTg/JK9dhCZA==

csstype@^3.0.11, csstype@^3.0.2, csstype@^3.1.3:
  version "3.1.3"
  resolved "https://registry.npmjs.org/csstype/-/csstype-3.1.3.tgz"
  integrity sha512-M1uQkMl8rQK/szD0LNhtqxIPLpimGm8sOBwU7lLnCpSbTyY3yeU1Vc7l4KT5zT4s/yOxHH5O7tIuuLOCnLADRw==

dom-helpers@^5.0.1:
  version "5.2.1"
  resolved "https://registry.npmjs.org/dom-helpers/-/dom-helpers-5.2.1.tgz"
  integrity sha512-nRCa7CK3VTrM2NmGkIy4cbK7IZlgBE/PYMn55rrXefr5xXDP0LdtfPnblFDoVdcAfslJ7or6iqAUnx0CCGIWQA==
  dependencies:
    "@babel/runtime" "^7.8.7"
    csstype "^3.0.2"

hoist-non-react-statics@^3.3.0, hoist-non-react-statics@^3.3.2:
  version "3.3.2"
  resolved "https://registry.npmjs.org/hoist-non-react-statics/-/hoist-non-react-statics-3.3.2.tgz"
  integrity sha512-/gGivxi8JPKWNm/W0jSmzcMPpfpPLc3dY/6GxhX2hQ9iGj3aDfklV4ET7NjKpSinLpJ5vafa9iiGIEZg10SfBw==
  dependencies:
    react-is "^16.7.0"

"js-tokens@^3.0.0 || ^4.0.0":
  version "4.0.0"
  resolved "https://registry.npmjs.org/js-tokens/-/js-tokens-4.0.0.tgz"
  integrity sha512-RdJUflcE3cUzKiMqQgsCu06FPu9UdIJO0beYbPhHN4k6apgJtifcoCtT9bcxOpYBtpD2kCM6Sbzg4CausW/PKQ==

loose-envify@^1.1.0, loose-envify@^1.4.0:
  version "1.4.0"
  resolved "https://registry.npmjs.org/loose-envify/-/loose-envify-1.4.0.tgz"
  integrity sha512-lyuxPGr/Wfhrlem2CL/UcnUc1zcqKAImBDzukY7Y5F/yQiNdko6+fRLevlw1HgMySw7f611UIY408EtxRSoK3Q==
  dependencies:
    js-tokens "^3.0.0 || ^4.0.0"

moment@2.27.0:
  version "2.27.0"
  resolved "https://registry.npmjs.org/moment/-/moment-2.27.0.tgz"
  integrity sha512-al0MUK7cpIcglMv3YF13qSgdAIqxHTO7brRtaz3DlSULbqfazqkc5kEjNrLDOM7fsjshoFIihnU8snrP7zUvhQ==

notistack@^2.0.3:
  version "2.0.8"
  resolved "https://registry.npmjs.org/notistack/-/notistack-2.0.8.tgz"
  integrity sha512-/IY14wkFp5qjPgKNvAdfL5Jp6q90+MjgKTPh4c81r/lW70KeuX6b9pE/4f8L4FG31cNudbN9siiFS5ql1aSLRw==
  dependencies:
    clsx "^1.1.0"
    hoist-non-react-statics "^3.3.0"

object-assign@^4.1.1:
  version "4.1.1"
  resolved "https://registry.npmjs.org/object-assign/-/object-assign-4.1.1.tgz"
  integrity sha1-IQmtx5ZYh8/AXLvUQsrIv7s2CGM=

prettier@^2.6.2:
  version "2.8.8"
  resolved "https://registry.npmjs.org/prettier/-/prettier-2.8.8.tgz"
  integrity sha512-tdN8qQGvNjw4CHbY+XXk0JgCXn9QiF21a55rBe5LJAU+kDyC4WQn4+awm2Xfk2lQMk5fKup9XgzTZtGkjBdP9Q==

prop-types@^15.6.2, prop-types@^15.7.2, prop-types@^15.8.1:
  version "15.8.1"
  resolved "https://registry.npmjs.org/prop-types/-/prop-types-15.8.1.tgz"
  integrity sha512-oj87CgZICdulUohogVAR7AjlC0327U4el4L6eAvOqCeudMDVU0NThNaV+b9Df4dXgSP1gXMTnPdhfe/2qDH5cg==
  dependencies:
    loose-envify "^1.4.0"
    object-assign "^4.1.1"
    react-is "^16.13.1"

querystring@^0.2.0:
  version "0.2.0"
  resolved "https://registry.npmjs.org/querystring/-/querystring-0.2.0.tgz"
  integrity sha1-sgmEkgO7Jd+CDadW50cAWHhSFiA=

react-is@^16.13.1, react-is@^16.7.0:
  version "16.13.1"
  resolved "https://registry.npmjs.org/react-is/-/react-is-16.13.1.tgz"
  integrity sha512-24e6ynE2H+OKt4kqsOvNd8kBpV65zoxbA4BVsEOB3ARVWQki/DHzaUoC5KuON/BiccDaCCTZBuOcfZs70kR8bQ==

react-is@^17.0.2:
  version "17.0.2"
  resolved "https://registry.npmjs.org/react-is/-/react-is-17.0.2.tgz"
  integrity sha512-w2GsyukL62IJnlaff/nRegPQR94C/XXamvMWmSHRJ4y7Ts/4ocGRmTHvOs8PSE6pB3dWOrD/nueuU5sduBsQ4w==

react-is@^19.0.0:
  version "19.1.0"
  resolved "https://registry.npmjs.org/react-is/-/react-is-19.1.0.tgz"
  integrity sha512-Oe56aUPnkHyyDxxkvqtd7KkdQP5uIUfHxd5XTb3wE9d/kRnZLmKbDB0GWk919tdQ+mxxPtG6EAs6RMT6i1qtHg==

react-transition-group@^4.4.2:
  version "4.4.5"
  resolved "https://registry.npmjs.org/react-transition-group/-/react-transition-group-4.4.5.tgz"
  integrity sha512-pZcd1MCJoiKiBR2NRxeCRg13uCXbydPnmB4EOeRrY7480qNWO8IIgQG6zlDkm6uRMsURXPuKq0GWtiM59a5Q6g==
  dependencies:
    "@babel/runtime" "^7.5.5"
    dom-helpers "^5.0.1"
    loose-envify "^1.4.0"
    prop-types "^15.6.2"

react@17.0.0:
  version "17.0.0"
  resolved "https://registry.npmjs.org/react/-/react-17.0.0.tgz"
  integrity sha512-rG9bqS3LMuetoSUKHN8G3fMNuQOePKDThK6+2yXFWtoeTDLVNh/QCaxT+Jr+rNf4lwNXpx+atdn3Aa0oi8/6eQ==
  dependencies:
    loose-envify "^1.1.0"
    object-assign "^4.1.1"

stylis@4.2.0:
  version "4.2.0"
  resolved "https://registry.npmjs.org/stylis/-/stylis-4.2.0.tgz"
  integrity sha512-Orov6g6BB1sDfYgzWfTHDOxamtX1bE/zo104Dh9e6fqJ3PooipYyfJ0pUmrZO2wAvO8YbEyeFrkV91XTsGMSrw==

tslint-config-prettier@^1.18.0:
  version "1.18.0"
  resolved "https://registry.npmjs.org/tslint-config-prettier/-/tslint-config-prettier-1.18.0.tgz"
  integrity sha512-xPw9PgNPLG3iKRxmK7DWr+Ea/SzrvfHtjFt5LBl61gk2UBG/DB9kCXRjv+xyIU1rUtnayLeMUVJBcMX8Z17nDg==

typescript@5.5.3:
  version "5.5.3"
  resolved "https://registry.npmjs.org/typescript/-/typescript-5.5.3.tgz"
  integrity sha512-/hreyEujaB0w76zKo6717l3L0o/qEUtRgdvUBvlkhoWeOVMjMuHNHk0BRBzikzuGDqNmPQbg5ifMEqsHLiIUcQ==

use-debounce@^5.2.0:
  version "5.2.0"
  resolved "https://registry.npmjs.org/use-debounce/-/use-debounce-5.2.0.tgz"
  integrity sha512-lW4tbPsTnvPKYqOYXp5xZ7SP7No/ARLqqQqoyRKuSzP0HxR9arhSAhznXUZFoNPWDRij8fog+N6sYbjb8c3kzw==

uuid@^8.3.1:
  version "8.3.1"
  resolved "https://registry.npmjs.org/uuid/-/uuid-8.3.1.tgz"
  integrity sha512-FOmRr+FmWEIG8uhZv6C2bTgEVXsHk08kE7mPlrBbEe+c3r9pjceVPgupIfNIhc4yx55H69OXANrUaSuu9eInKg==
